{
  "version": 4,
  "terraform_version": "1.13.1",
  "serial": 1355,
  "lineage": "68aa0397-bf81-c612-9179-1073842ef534",
  "outputs": {
    "loadbalancer_public_ip": {
      "value": "172.178.42.151",
      "type": "string"
    },
    "zabbix_public_ip": {
      "value": "4.246.219.174",
      "type": "string"
    }
  },
  "resources": [
    {
      "mode": "managed",
      "type": "azurerm_lb",
      "name": "lb",
      "provider": "provider[\"registry.terraform.io/hashicorp/azurerm\"]",
      "instances": [
        {
          "schema_version": 0,
          "attributes": {
            "edge_zone": "",
            "frontend_ip_configuration": [
              {
                "gateway_load_balancer_frontend_ip_configuration_id": "",
                "id": "/subscriptions/35789804-a13e-4872-99d8-e9e308059479/resourceGroups/myTFResourceGroup/providers/Microsoft.Network/loadBalancers/lb-TF/frontendIPConfigurations/PublicIPAddress",
                "inbound_nat_rules": [],
                "load_balancer_rules": [],
                "name": "PublicIPAddress",
                "outbound_rules": [],
                "private_ip_address": "",
                "private_ip_address_allocation": "Dynamic",
                "private_ip_address_version": "",
                "public_ip_address_id": "/subscriptions/35789804-a13e-4872-99d8-e9e308059479/resourceGroups/myTFResourceGroup/providers/Microsoft.Network/publicIPAddresses/lb-pip",
                "public_ip_prefix_id": "",
                "subnet_id": "",
                "zones": null
              }
            ],
            "id": "/subscriptions/35789804-a13e-4872-99d8-e9e308059479/resourceGroups/myTFResourceGroup/providers/Microsoft.Network/loadBalancers/lb-TF",
            "location": "eastus",
            "name": "lb-TF",
            "private_ip_address": "",
            "private_ip_addresses": [],
            "resource_group_name": "myTFResourceGroup",
            "sku": "Standard",
            "sku_tier": "Regional",
            "tags": null,
            "timeouts": null
          },
          "sensitive_attributes": [],
          "identity_schema_version": 0,
          "private": "eyJlMmJmYjczMC1lY2FhLTExZTYtOGY4OC0zNDM2M2JjN2M0YzAiOnsiY3JlYXRlIjoxODAwMDAwMDAwMDAwLCJkZWxldGUiOjE4MDAwMDAwMDAwMDAsInJlYWQiOjMwMDAwMDAwMDAwMCwidXBkYXRlIjoxODAwMDAwMDAwMDAwfX0=",
          "dependencies": [
            "azurerm_public_ip.lb_pip",
            "azurerm_resource_group.rg"
          ]
        }
      ]
    },
    {
      "mode": "managed",
      "type": "azurerm_lb_backend_address_pool",
      "name": "bepool",
      "provider": "provider[\"registry.terraform.io/hashicorp/azurerm\"]",
      "instances": [
        {
          "schema_version": 0,
          "attributes": {
            "backend_ip_configurations": [],
            "id": "/subscriptions/35789804-a13e-4872-99d8-e9e308059479/resourceGroups/myTFResourceGroup/providers/Microsoft.Network/loadBalancers/lb-TF/backendAddressPools/BackEndAddressPool",
            "load_balancing_rules": [],
            "loadbalancer_id": "/subscriptions/35789804-a13e-4872-99d8-e9e308059479/resourceGroups/myTFResourceGroup/providers/Microsoft.Network/loadBalancers/lb-TF",
            "name": "BackEndAddressPool",
            "outbound_rules": [],
            "timeouts": null,
            "tunnel_interface": []
          },
          "sensitive_attributes": [],
          "identity_schema_version": 0,
          "private": "eyJlMmJmYjczMC1lY2FhLTExZTYtOGY4OC0zNDM2M2JjN2M0YzAiOnsiY3JlYXRlIjoxODAwMDAwMDAwMDAwLCJkZWxldGUiOjE4MDAwMDAwMDAwMDAsInJlYWQiOjMwMDAwMDAwMDAwMCwidXBkYXRlIjoxODAwMDAwMDAwMDAwfX0=",
          "dependencies": [
            "azurerm_lb.lb",
            "azurerm_public_ip.lb_pip",
            "azurerm_resource_group.rg"
          ]
        }
      ]
    },
    {
      "mode": "managed",
      "type": "azurerm_lb_probe",
      "name": "http",
      "provider": "provider[\"registry.terraform.io/hashicorp/azurerm\"]",
      "instances": [
        {
          "schema_version": 0,
          "attributes": {
            "id": "/subscriptions/35789804-a13e-4872-99d8-e9e308059479/resourceGroups/myTFResourceGroup/providers/Microsoft.Network/loadBalancers/lb-TF/probes/http-probe",
            "interval_in_seconds": 15,
            "load_balancer_rules": [],
            "loadbalancer_id": "/subscriptions/35789804-a13e-4872-99d8-e9e308059479/resourceGroups/myTFResourceGroup/providers/Microsoft.Network/loadBalancers/lb-TF",
            "name": "http-probe",
            "number_of_probes": 2,
            "port": 80,
            "protocol": "Tcp",
            "request_path": "",
            "timeouts": null
          },
          "sensitive_attributes": [],
          "identity_schema_version": 0,
          "private": "eyJlMmJmYjczMC1lY2FhLTExZTYtOGY4OC0zNDM2M2JjN2M0YzAiOnsiY3JlYXRlIjoxODAwMDAwMDAwMDAwLCJkZWxldGUiOjE4MDAwMDAwMDAwMDAsInJlYWQiOjMwMDAwMDAwMDAwMCwidXBkYXRlIjoxODAwMDAwMDAwMDAwfX0=",
          "dependencies": [
            "azurerm_lb.lb",
            "azurerm_public_ip.lb_pip",
            "azurerm_resource_group.rg"
          ]
        }
      ]
    },
    {
      "mode": "managed",
      "type": "azurerm_lb_rule",
      "name": "http",
      "provider": "provider[\"registry.terraform.io/hashicorp/azurerm\"]",
      "instances": [
        {
          "schema_version": 0,
          "attributes": {
            "backend_address_pool_ids": [
              "/subscriptions/35789804-a13e-4872-99d8-e9e308059479/resourceGroups/myTFResourceGroup/providers/Microsoft.Network/loadBalancers/lb-TF/backendAddressPools/BackEndAddressPool"
            ],
            "backend_port": 80,
            "disable_outbound_snat": false,
            "enable_floating_ip": false,
            "enable_tcp_reset": false,
            "frontend_ip_configuration_id": "/subscriptions/35789804-a13e-4872-99d8-e9e308059479/resourceGroups/myTFResourceGroup/providers/Microsoft.Network/loadBalancers/lb-TF/frontendIPConfigurations/PublicIPAddress",
            "frontend_ip_configuration_name": "PublicIPAddress",
            "frontend_port": 80,
            "id": "/subscriptions/35789804-a13e-4872-99d8-e9e308059479/resourceGroups/myTFResourceGroup/providers/Microsoft.Network/loadBalancers/lb-TF/loadBalancingRules/http-rule",
            "idle_timeout_in_minutes": 4,
            "load_distribution": "Default",
            "loadbalancer_id": "/subscriptions/35789804-a13e-4872-99d8-e9e308059479/resourceGroups/myTFResourceGroup/providers/Microsoft.Network/loadBalancers/lb-TF",
            "name": "http-rule",
            "probe_id": "/subscriptions/35789804-a13e-4872-99d8-e9e308059479/resourceGroups/myTFResourceGroup/providers/Microsoft.Network/loadBalancers/lb-TF/probes/http-probe",
            "protocol": "Tcp",
            "timeouts": null
          },
          "sensitive_attributes": [],
          "identity_schema_version": 0,
          "private": "eyJlMmJmYjczMC1lY2FhLTExZTYtOGY4OC0zNDM2M2JjN2M0YzAiOnsiY3JlYXRlIjoxODAwMDAwMDAwMDAwLCJkZWxldGUiOjE4MDAwMDAwMDAwMDAsInJlYWQiOjMwMDAwMDAwMDAwMCwidXBkYXRlIjoxODAwMDAwMDAwMDAwfX0=",
          "dependencies": [
            "azurerm_lb.lb",
            "azurerm_lb_backend_address_pool.bepool",
            "azurerm_lb_probe.http",
            "azurerm_public_ip.lb_pip",
            "azurerm_resource_group.rg"
          ]
        }
      ]
    },
    {
      "mode": "managed",
      "type": "azurerm_linux_virtual_machine",
      "name": "vm_single",
      "provider": "provider[\"registry.terraform.io/hashicorp/azurerm\"]",
      "instances": [
        {
          "schema_version": 0,
          "attributes": {
            "additional_capabilities": [],
            "admin_password": "Y0ush@lln0tp@ss",
            "admin_ssh_key": [],
            "admin_username": "adminuser",
            "allow_extension_operations": true,
            "availability_set_id": "",
            "boot_diagnostics": [],
            "computer_name": "vm-single",
            "custom_data": "I2Nsb3VkLWNvbmZpZw0KcGFja2FnZV91cGRhdGU6IHRydWUNCnBhY2thZ2VfdXBncmFkZTogdHJ1ZQ0KcGFja2FnZXM6DQogIC0gd2dldA0KICAtIGN1cmwNCiAgLSBzdWRvDQogIC0gbmV0LXRvb2xzDQogIC0gZXRodG9vbA0KICAtIGxvY2FsZXMNCiAgLSBwb3N0Z3Jlc3FsDQogIC0gYXBhY2hlMg0KDQojY2xvdWQtY29uZmlnDQpydW5jbWQ6DQogIC0gfA0KICAgICMhL2Jpbi9iYXNoDQogICAgc2V0IC1lDQoNCiAgICBlY2hvICI9PT0gQWp1c3RhbmRvIGxvY2FsaWRhZGUgPT09Ig0KICAgIHNlZCAtaSAncy9eIyAqcHRfQlIuVVRGLTggVVRGLTgvcHRfQlIuVVRGLTggVVRGLTgvJyAvZXRjL2xvY2FsZS5nZW4NCiAgICBsb2NhbGUtZ2VuDQogICAgdXBkYXRlLWxvY2FsZSBMQU5HPXB0X0JSLlVURi04DQoNCiAgICBlY2hvICI9PT0gSW5zdGFsYW5kbyByZXBvc2l0w7NyaW8gZG8gWmFiYml4ID09PSINCiAgICBjZCAvdG1wDQogICAgd2dldCBodHRwczovL3JlcG8uemFiYml4LmNvbS96YWJiaXgvNy40L3JlbGVhc2UvZGViaWFuL3Bvb2wvbWFpbi96L3phYmJpeC1yZWxlYXNlL3phYmJpeC1yZWxlYXNlX2xhdGVzdF83LjQrZGViaWFuMTJfYWxsLmRlYg0KICAgIGRwa2cgLWkgemFiYml4LXJlbGVhc2VfbGF0ZXN0XzcuNCtkZWJpYW4xMl9hbGwuZGViDQogICAgYXB0LWdldCB1cGRhdGUNCg0KICAgIGVjaG8gIj09PSBJbnN0YWxhbmRvIFphYmJpeCBlIGRlcGVuZMOqbmNpYXMgPT09Ig0KICAgIGFwdC1nZXQgaW5zdGFsbCAteSBwb3N0Z3Jlc3FsIHphYmJpeC1zZXJ2ZXItcGdzcWwgemFiYml4LWZyb250ZW5kLXBocCBwaHA4LjItcGdzcWwgXA0KICAgICAgICAgICAgICAgICAgICAgICB6YWJiaXgtYXBhY2hlLWNvbmYgemFiYml4LXNxbC1zY3JpcHRzIHphYmJpeC1hZ2VudA0KDQogICAgZWNobyAiPT09IEhhYmlsaXRhbmRvIGUgaW5pY2lhbmRvIFBvc3RncmVTUUwgPT09Ig0KICAgIHN5c3RlbWN0bCBlbmFibGUgcG9zdGdyZXNxbA0KICAgIHN5c3RlbWN0bCBzdGFydCBwb3N0Z3Jlc3FsDQoNCiAgICBlY2hvICI9PT0gQWd1YXJkYW5kbyBQb3N0Z3JlU1FMIGluaWNpYWxpemFyID09PSINCiAgICBzbGVlcCAxMA0KICAgIHVudGlsIHN1ZG8gLXUgcG9zdGdyZXMgcHNxbCAtYyAic2VsZWN0IDE7IiA+L2Rldi9udWxsIDI+JjE7IGRvDQogICAgICBlY2hvICJBZ3VhcmRhbmRvIFBvc3RncmVTUUwgZmljYXIgcHJvbnRvLi4uIg0KICAgICAgc2xlZXAgNQ0KICAgIGRvbmUNCg0KICAgIGVjaG8gIj09PSBDcmlhbmRvIHVzdcOhcmlvIGUgYmFuY28gWmFiYml4ID09PSINCiAgICBzdWRvIC11IHBvc3RncmVzIHBzcWwgLXRjICJTRUxFQ1QgMSBGUk9NIHBnX3JvbGVzIFdIRVJFIHJvbG5hbWU9J3phYmJpeCciIHwgZ3JlcCAtcSAxIHx8IFwNCiAgICAgIHN1ZG8gLXUgcG9zdGdyZXMgcHNxbCAtYyAiQ1JFQVRFIFVTRVIgemFiYml4IFdJVEggUEFTU1dPUkQgJ3NlbmFpMTAxJzsiDQoNCiAgICBpZiAhIHN1ZG8gLXUgcG9zdGdyZXMgcHNxbCAtbHF0IHwgY3V0IC1kIFx8IC1mIDEgfCBncmVwIC1xdyB6YWJiaXg7IHRoZW4NCiAgICAgIHN1ZG8gLXUgcG9zdGdyZXMgcHNxbCAtYyAiQ1JFQVRFIERBVEFCQVNFIHphYmJpeCBPV05FUiB6YWJiaXg7Ig0KICAgICAgZWNobyAiPT09IEltcG9ydGFuZG8gc2NoZW1hIGRvIGJhbmNvID09PSINCiAgICAgIHpjYXQgL3Vzci9zaGFyZS96YWJiaXgvc3FsLXNjcmlwdHMvcG9zdGdyZXNxbC9zZXJ2ZXIuc3FsLmd6IHwgc3VkbyAtdSBwb3N0Z3JlcyBwc3FsIHphYmJpeA0KICAgIGZpDQoNCiAgICBlY2hvICI9PT0gQWp1c3RhbmRvIHBlcm1pc3PDtWVzIGRvIGJhbmNvID09PSINCiAgICBzdWRvIC11IHBvc3RncmVzIHBzcWwgLWQgemFiYml4IC1jICJHUkFOVCBBTEwgUFJJVklMRUdFUyBPTiBEQVRBQkFTRSB6YWJiaXggVE8gemFiYml4OyINCiAgICBzdWRvIC11IHBvc3RncmVzIHBzcWwgLWQgemFiYml4IC1jICJHUkFOVCBBTEwgUFJJVklMRUdFUyBPTiBBTEwgVEFCTEVTIElOIFNDSEVNQSBwdWJsaWMgVE8gemFiYml4OyINCiAgICBzdWRvIC11IHBvc3RncmVzIHBzcWwgLWQgemFiYml4IC1jICJHUkFOVCBBTEwgUFJJVklMRUdFUyBPTiBBTEwgU0VRVUVOQ0VTIElOIFNDSEVNQSBwdWJsaWMgVE8gemFiYml4OyINCiAgICBzdWRvIC11IHBvc3RncmVzIHBzcWwgLWQgemFiYml4IC1jICJBTFRFUiBERUZBVUxUIFBSSVZJTEVHRVMgSU4gU0NIRU1BIHB1YmxpYyBHUkFOVCBBTEwgT04gVEFCTEVTIFRPIHphYmJpeDsiDQogICAgc3VkbyAtdSBwb3N0Z3JlcyBwc3FsIC1kIHphYmJpeCAtYyAiQUxURVIgREVGQVVMVCBQUklWSUxFR0VTIElOIFNDSEVNQSBwdWJsaWMgR1JBTlQgQUxMIE9OIFNFUVVFTkNFUyBUTyB6YWJiaXg7Ig0KICAgIHN1ZG8gLXUgcG9zdGdyZXMgcHNxbCAtYyAiQUxURVIgREFUQUJBU0UgemFiYml4IE9XTkVSIFRPIHphYmJpeDsiDQoNCiAgICBlY2hvICI9PT0gQ29uZmlndXJhbmRvIFphYmJpeCA9PT0iDQogICAgc2VkIC1pICdzL14jIERCUGFzc3dvcmQ9LiovREJQYXNzd29yZD1zZW5haTEwMS8nIC9ldGMvemFiYml4L3phYmJpeF9zZXJ2ZXIuY29uZg0KICAgIGNob3duIC1SIHphYmJpeDp6YWJiaXggL2V0Yy96YWJiaXgNCg0KICAgIGVjaG8gIj09PSBIYWJpbGl0YW5kbyBlIGluaWNpYW5kbyBzZXJ2acOnb3MgPT09Ig0KICAgIHN5c3RlbWN0bCBlbmFibGUgemFiYml4LXNlcnZlciB6YWJiaXgtYWdlbnQgYXBhY2hlMg0KICAgIHN5c3RlbWN0bCByZXN0YXJ0IHphYmJpeC1zZXJ2ZXIgemFiYml4LWFnZW50IGFwYWNoZTINCg0KICAgIGVjaG8gIj09PT09PT09PT09PT09PT09PT09PT09PT09PT09PT09PT09PT09PT09PT09PT09PT09PT09PT09PT09PT09Ig0KICAgIGVjaG8gIiAgWmFiYml4IDcuNCBpbnN0YWxhZG8gY29tIHN1Y2Vzc28gbm8gRGViaWFuIDEyISINCiAgICBlY2hvICIgIEFjZXNzZSB2aWEgbmF2ZWdhZG9yOiBodHRwOi8vPFNFVV9JUD4vemFiYml4Ig0KICAgIGVjaG8gIiAgTG9naW4gcGFkcsOjbzogQWRtaW4gLyBTZW5oYTogemFiYml4Ig0KICAgIGVjaG8gIj09PT09PT09PT09PT09PT09PT09PT09PT09PT09PT09PT09PT09PT09PT09PT09PT09PT09PT09PT09PT09Ig0KICAgIA0KICAgIHN1ZG8gYXB0LWdldCBpbnN0YWxsIC15IGFwdC10cmFuc3BvcnQtaHR0cHMgc29mdHdhcmUtcHJvcGVydGllcy1jb21tb24gd2dldA0KDQogICAgc3VkbyBta2RpciAtcCAvZXRjL2FwdC9rZXlyaW5ncy8NCiAgICB3Z2V0IC1xIC1PIC0gaHR0cHM6Ly9hcHQuZ3JhZmFuYS5jb20vZ3BnLmtleSB8IGdwZyAtLWRlYXJtb3IgfCBzdWRvIHRlZSAvZXRjL2FwdC9rZXlyaW5ncy9ncmFmYW5hLmdwZyA+IC9kZXYvbnVsbA0KDQogICAgZWNobyAiZGViIFtzaWduZWQtYnk9L2V0Yy9hcHQva2V5cmluZ3MvZ3JhZmFuYS5ncGddIGh0dHBzOi8vYXB0LmdyYWZhbmEuY29tIHN0YWJsZSBtYWluIiB8IHN1ZG8gdGVlIC1hIC9ldGMvYXB0L3NvdXJjZXMubGlzdC5kL2dyYWZhbmEubGlzdA0KDQogICAgZWNobyAiZGViIFtzaWduZWQtYnk9L2V0Yy9hcHQva2V5cmluZ3MvZ3JhZmFuYS5ncGddIGh0dHBzOi8vYXB0LmdyYWZhbmEuY29tIGJldGEgbWFpbiIgfCBzdWRvIHRlZSAtYSAvZXRjL2FwdC9zb3VyY2VzLmxpc3QuZC9ncmFmYW5hLmxpc3QNCg0KICAgICMgVXBkYXRlcyB0aGUgbGlzdCBvZiBhdmFpbGFibGUgcGFja2FnZXMNCiAgICBzdWRvIGFwdC1nZXQgdXBkYXRlDQoNCiAgICAjIEluc3RhbGxzIHRoZSBsYXRlc3QgT1NTIHJlbGVhc2U6DQogICAgc3VkbyBhcHQtZ2V0IGluc3RhbGwgZ3JhZmFuYSAteQ0KICAgIHN5c3RlbWN0bCBlbmFibGUgZ3JhZmFuYS1zZXJ2ZXINCiAgICBzeXN0ZW1jdGwgc3RhcnQgZ3JhZmFuYS1zZXJ2ZXINCg0KDQogICAgI2xvZ2FyIChsb2NhbGhvc3Q6MzAwMCkNCg==",
            "dedicated_host_group_id": "",
            "dedicated_host_id": "",
            "disable_password_authentication": false,
            "edge_zone": "",
            "encryption_at_host_enabled": false,
            "eviction_policy": "",
            "extensions_time_budget": "PT1H30M",
            "id": "/subscriptions/35789804-a13e-4872-99d8-e9e308059479/resourceGroups/myTFResourceGroup/providers/Microsoft.Compute/virtualMachines/vm-single",
            "identity": [],
            "license_type": "",
            "location": "eastus",
            "max_bid_price": -1,
            "name": "vm-single",
            "network_interface_ids": [
              "/subscriptions/35789804-a13e-4872-99d8-e9e308059479/resourceGroups/myTFResourceGroup/providers/Microsoft.Network/networkInterfaces/nic-vm-single"
            ],
            "os_disk": [
              {
                "caching": "ReadWrite",
                "diff_disk_settings": [],
                "disk_encryption_set_id": "",
                "disk_size_gb": 30,
                "name": "vm-single_OsDisk_1_7ba9c3eb21fc41c88ba6133cc55b3ab2",
                "storage_account_type": "Standard_LRS",
                "write_accelerator_enabled": false
              }
            ],
            "patch_mode": "ImageDefault",
            "plan": [],
            "platform_fault_domain": -1,
            "priority": "Regular",
            "private_ip_address": "10.0.1.10",
            "private_ip_addresses": [
              "10.0.1.10"
            ],
            "provision_vm_agent": true,
            "proximity_placement_group_id": "",
            "public_ip_address": "4.246.219.174",
            "public_ip_addresses": [
              "4.246.219.174"
            ],
            "resource_group_name": "myTFResourceGroup",
            "secret": [],
            "secure_boot_enabled": false,
            "size": "Standard_B1s",
            "source_image_id": "",
            "source_image_reference": [
              {
                "offer": "debian-12",
                "publisher": "debian",
                "sku": "12",
                "version": "latest"
              }
            ],
            "tags": null,
            "termination_notification": null,
            "timeouts": null,
            "user_data": "",
            "virtual_machine_id": "e7b4512f-67f7-42cd-ae21-ad9d1a437011",
            "virtual_machine_scale_set_id": "",
            "vtpm_enabled": false,
            "zone": ""
          },
          "sensitive_attributes": [
            [
              {
                "type": "get_attr",
                "value": "admin_password"
              }
            ],
            [
              {
                "type": "get_attr",
                "value": "custom_data"
              }
            ]
          ],
          "identity_schema_version": 0,
          "private": "eyJlMmJmYjczMC1lY2FhLTExZTYtOGY4OC0zNDM2M2JjN2M0YzAiOnsiY3JlYXRlIjoyNzAwMDAwMDAwMDAwLCJkZWxldGUiOjI3MDAwMDAwMDAwMDAsInJlYWQiOjMwMDAwMDAwMDAwMCwidXBkYXRlIjoyNzAwMDAwMDAwMDAwfX0=",
          "dependencies": [
            "azurerm_network_interface.vm_single_nic",
            "azurerm_public_ip.vm_single_public_ip",
            "azurerm_resource_group.rg",
            "azurerm_subnet.subnet",
            "azurerm_virtual_network.vnet"
          ]
        }
      ]
    },
    {
      "mode": "managed",
      "type": "azurerm_linux_virtual_machine_scale_set",
      "name": "vmss",
      "provider": "provider[\"registry.terraform.io/hashicorp/azurerm\"]",
      "instances": [
        {
          "schema_version": 0,
          "attributes": {
            "additional_capabilities": [],
            "admin_password": "Y0ush@lln0tp@ss",
            "admin_ssh_key": [],
            "admin_username": "azureuser",
            "automatic_instance_repair": [
              {
                "enabled": false,
                "grace_period": "PT30M"
              }
            ],
            "automatic_os_upgrade_policy": [],
            "boot_diagnostics": [],
            "computer_name_prefix": "vmss-demo",
            "custom_data": "I2Nsb3VkLWNvbmZpZw0KcGFja2FnZV91cGRhdGU6IHRydWUNCnBhY2thZ2VfdXBncmFkZTogdHJ1ZQ0KcGFja2FnZXM6DQogIC0gd2dldA0KICAtIGN1cmwNCiAgLSB6YWJiaXgtYWdlbnQNCiAgLSBhcGFjaGUyDQoNCnJ1bmNtZDoNCiAgLSB8DQogICAgIyEvYmluL2Jhc2gNCiAgICBlY2hvICI9PT0gQ29uZmlndXJhbmRvIFphYmJpeCBBZ2VudCA9PT0iDQogICAgc3lzdGVtY3RsIGVuYWJsZSB6YWJiaXgtYWdlbnQNCiAgICBzeXN0ZW1jdGwgc3RhcnQgemFiYml4LWFnZW50DQoNCiAgICAjIFJlbW92ZSBsaW5oYXMgZXhpc3RlbnRlcyBkZSBjb25maWd1cmHDp8Ojbw0KICAgIHNlZCAtaSAncy9eU2VydmVyPS8jIyBTZXJ2ZXI9L2cnIC9ldGMvemFiYml4L3phYmJpeF9hZ2VudGQuY29uZg0KICANCg0KICAgICMgQWRpY2lvbmEgYXMgbm92YXMgY29uZmlndXJhw6fDtWVzDQogICAgZWNobyAiU2VydmVyPTEwLjAuMS4xMCIgPj4gL2V0Yy96YWJiaXgvemFiYml4X2FnZW50ZC5jb25mDQogICANCg0KICAgICMgUmVpbmljaWEgbyBzZXJ2acOnbyBwYXJhIGFwbGljYXINCiAgICBzeXN0ZW1jdGwgcmVzdGFydCB6YWJiaXgtYWdlbnQNCg0KICAgIGVjaG8gIj09PSBaYWJiaXggQWdlbnQgY29uZmlndXJhZG8gZSBpbmljaWFkbyA9PT0iDQoNCiAgICAjIENvbmZpZ3VyYSBBcGFjaGUNCiAgICBhcHQtZ2V0IHVwZGF0ZSAteQ0KICAgIGFwdC1nZXQgaW5zdGFsbCAteSBhcGFjaGUyDQogICAgc3lzdGVtY3RsIGVuYWJsZSBhcGFjaGUyDQogICAgc3lzdGVtY3RsIHN0YXJ0IGFwYWNoZTINCg0KICAgIGVjaG8gIjxoMT5WTVNTIEFwYWNoZSAtICQoaG9zdG5hbWUpPC9oMT4iID4gL3Zhci93d3cvaHRtbC9pbmRleC5odG1sDQo=",
            "data_disk": [],
            "disable_password_authentication": false,
            "do_not_run_extensions_on_overprovisioned_machines": false,
            "edge_zone": "",
            "encryption_at_host_enabled": false,
            "eviction_policy": "",
            "extension": [],
            "extensions_time_budget": "PT1H30M",
            "health_probe_id": "",
            "id": "/subscriptions/35789804-a13e-4872-99d8-e9e308059479/resourceGroups/myTFResourceGroup/providers/Microsoft.Compute/virtualMachineScaleSets/vmss-demo",
            "identity": [],
            "instances": 1,
            "location": "eastus",
            "max_bid_price": -1,
            "name": "vmss-demo",
            "network_interface": [
              {
                "dns_servers": null,
                "enable_accelerated_networking": false,
                "enable_ip_forwarding": false,
                "ip_configuration": [
                  {
                    "application_gateway_backend_address_pool_ids": null,
                    "application_security_group_ids": null,
                    "load_balancer_backend_address_pool_ids": [
                      "/subscriptions/35789804-a13e-4872-99d8-e9e308059479/resourceGroups/myTFResourceGroup/providers/Microsoft.Network/loadBalancers/lb-TF/backendAddressPools/BackEndAddressPool"
                    ],
                    "load_balancer_inbound_nat_rules_ids": null,
                    "name": "internal",
                    "primary": true,
                    "public_ip_address": [],
                    "subnet_id": "/subscriptions/35789804-a13e-4872-99d8-e9e308059479/resourceGroups/myTFResourceGroup/providers/Microsoft.Network/virtualNetworks/vnet-TF/subnets/subnet-TF",
                    "version": "IPv4"
                  }
                ],
                "name": "vmss-nic",
                "network_security_group_id": "",
                "primary": true
              }
            ],
            "os_disk": [
              {
                "caching": "ReadWrite",
                "diff_disk_settings": [],
                "disk_encryption_set_id": "",
                "disk_size_gb": 30,
                "storage_account_type": "Standard_LRS",
                "write_accelerator_enabled": false
              }
            ],
            "overprovision": true,
            "plan": [],
            "platform_fault_domain_count": 5,
            "priority": "Regular",
            "provision_vm_agent": true,
            "proximity_placement_group_id": "",
            "resource_group_name": "myTFResourceGroup",
            "rolling_upgrade_policy": [],
            "scale_in_policy": "Default",
            "secret": [],
            "secure_boot_enabled": false,
            "single_placement_group": true,
            "sku": "Standard_B1s",
            "source_image_id": "",
            "source_image_reference": [
              {
                "offer": "debian-12",
                "publisher": "Debian",
                "sku": "12",
                "version": "latest"
              }
            ],
            "tags": null,
            "terminate_notification": null,
            "timeouts": null,
            "unique_id": "d846b6c6-e5ac-4189-bfd3-219bfd1bff47",
            "upgrade_mode": "Automatic",
            "user_data": "",
            "vtpm_enabled": false,
            "zone_balance": false,
            "zones": null
          },
          "sensitive_attributes": [
            [
              {
                "type": "get_attr",
                "value": "admin_password"
              }
            ],
            [
              {
                "type": "get_attr",
                "value": "custom_data"
              }
            ]
          ],
          "identity_schema_version": 0,
          "private": "eyJlMmJmYjczMC1lY2FhLTExZTYtOGY4OC0zNDM2M2JjN2M0YzAiOnsiY3JlYXRlIjozNjAwMDAwMDAwMDAwLCJkZWxldGUiOjM2MDAwMDAwMDAwMDAsInJlYWQiOjMwMDAwMDAwMDAwMCwidXBkYXRlIjozNjAwMDAwMDAwMDAwfX0=",
          "dependencies": [
            "azurerm_lb.lb",
            "azurerm_lb_backend_address_pool.bepool",
            "azurerm_public_ip.lb_pip",
            "azurerm_resource_group.rg",
            "azurerm_subnet.subnet",
            "azurerm_virtual_network.vnet"
          ]
        }
      ]
    },
    {
      "mode": "managed",
      "type": "azurerm_monitor_autoscale_setting",
      "name": "autoscale",
      "provider": "provider[\"registry.terraform.io/hashicorp/azurerm\"]",
      "instances": [
        {
          "schema_version": 1,
          "attributes": {
            "enabled": true,
            "id": "/subscriptions/35789804-a13e-4872-99d8-e9e308059479/resourceGroups/myTFResourceGroup/providers/Microsoft.Insights/autoscaleSettings/autoscale-vmss",
            "location": "eastus",
            "name": "autoscale-vmss",
            "notification": [],
            "profile": [
              {
                "capacity": [
                  {
                    "default": 1,
                    "maximum": 5,
                    "minimum": 1
                  }
                ],
                "fixed_date": [],
                "name": "defaultProfile",
                "recurrence": [],
                "rule": [
                  {
                    "metric_trigger": [
                      {
                        "dimensions": [],
                        "divide_by_instance_count": false,
                        "metric_name": "Percentage CPU",
                        "metric_namespace": "",
                        "metric_resource_id": "/subscriptions/35789804-a13e-4872-99d8-e9e308059479/resourceGroups/myTFResourceGroup/providers/Microsoft.Compute/virtualMachineScaleSets/vmss-demo",
                        "operator": "GreaterThan",
                        "statistic": "Average",
                        "threshold": 80,
                        "time_aggregation": "Average",
                        "time_grain": "PT1M",
                        "time_window": "PT5M"
                      }
                    ],
                    "scale_action": [
                      {
                        "cooldown": "PT5M",
                        "direction": "Increase",
                        "type": "ChangeCount",
                        "value": 1
                      }
                    ]
                  },
                  {
                    "metric_trigger": [
                      {
                        "dimensions": [],
                        "divide_by_instance_count": false,
                        "metric_name": "Percentage CPU",
                        "metric_namespace": "",
                        "metric_resource_id": "/subscriptions/35789804-a13e-4872-99d8-e9e308059479/resourceGroups/myTFResourceGroup/providers/Microsoft.Compute/virtualMachineScaleSets/vmss-demo",
                        "operator": "LessThan",
                        "statistic": "Average",
                        "threshold": 30,
                        "time_aggregation": "Average",
                        "time_grain": "PT1M",
                        "time_window": "PT5M"
                      }
                    ],
                    "scale_action": [
                      {
                        "cooldown": "PT5M",
                        "direction": "Decrease",
                        "type": "ChangeCount",
                        "value": 1
                      }
                    ]
                  }
                ]
              }
            ],
            "resource_group_name": "myTFResourceGroup",
            "tags": null,
            "target_resource_id": "/subscriptions/35789804-a13e-4872-99d8-e9e308059479/resourceGroups/myTFResourceGroup/providers/Microsoft.Compute/virtualMachineScaleSets/vmss-demo",
            "timeouts": null
          },
          "sensitive_attributes": [],
          "identity_schema_version": 0,
          "private": "eyJlMmJmYjczMC1lY2FhLTExZTYtOGY4OC0zNDM2M2JjN2M0YzAiOnsiY3JlYXRlIjoxODAwMDAwMDAwMDAwLCJkZWxldGUiOjE4MDAwMDAwMDAwMDAsInJlYWQiOjMwMDAwMDAwMDAwMCwidXBkYXRlIjoxODAwMDAwMDAwMDAwfSwic2NoZW1hX3ZlcnNpb24iOiIxIn0=",
          "dependencies": [
            "azurerm_lb.lb",
            "azurerm_lb_backend_address_pool.bepool",
            "azurerm_linux_virtual_machine_scale_set.vmss",
            "azurerm_public_ip.lb_pip",
            "azurerm_resource_group.rg",
            "azurerm_subnet.subnet",
            "azurerm_virtual_network.vnet"
          ]
        }
      ]
    },
    {
      "mode": "managed",
      "type": "azurerm_network_interface",
      "name": "vm_single_nic",
      "provider": "provider[\"registry.terraform.io/hashicorp/azurerm\"]",
      "instances": [
        {
          "schema_version": 0,
          "attributes": {
            "applied_dns_servers": [],
            "dns_servers": [],
            "edge_zone": "",
            "enable_accelerated_networking": false,
            "enable_ip_forwarding": false,
            "id": "/subscriptions/35789804-a13e-4872-99d8-e9e308059479/resourceGroups/myTFResourceGroup/providers/Microsoft.Network/networkInterfaces/nic-vm-single",
            "internal_dns_name_label": "",
            "internal_domain_name_suffix": "byez5mjy24he1cxhatxriolu1h.bx.internal.cloudapp.net",
            "ip_configuration": [
              {
                "gateway_load_balancer_frontend_ip_configuration_id": "",
                "name": "internal",
                "primary": true,
                "private_ip_address": "10.0.1.10",
                "private_ip_address_allocation": "Static",
                "private_ip_address_version": "IPv4",
                "public_ip_address_id": "/subscriptions/35789804-a13e-4872-99d8-e9e308059479/resourceGroups/myTFResourceGroup/providers/Microsoft.Network/publicIPAddresses/pip-vm-single",
                "subnet_id": "/subscriptions/35789804-a13e-4872-99d8-e9e308059479/resourceGroups/myTFResourceGroup/providers/Microsoft.Network/virtualNetworks/vnet-TF/subnets/subnet-TF"
              }
            ],
            "location": "eastus",
            "mac_address": "",
            "name": "nic-vm-single",
            "private_ip_address": "10.0.1.10",
            "private_ip_addresses": [
              "10.0.1.10"
            ],
            "resource_group_name": "myTFResourceGroup",
            "tags": null,
            "timeouts": null,
            "virtual_machine_id": ""
          },
          "sensitive_attributes": [],
          "identity_schema_version": 0,
          "private": "eyJlMmJmYjczMC1lY2FhLTExZTYtOGY4OC0zNDM2M2JjN2M0YzAiOnsiY3JlYXRlIjoxODAwMDAwMDAwMDAwLCJkZWxldGUiOjE4MDAwMDAwMDAwMDAsInJlYWQiOjMwMDAwMDAwMDAwMCwidXBkYXRlIjoxODAwMDAwMDAwMDAwfX0=",
          "dependencies": [
            "azurerm_public_ip.vm_single_public_ip",
            "azurerm_resource_group.rg",
            "azurerm_subnet.subnet",
            "azurerm_virtual_network.vnet"
          ]
        }
      ]
    },
    {
      "mode": "managed",
      "type": "azurerm_network_interface_security_group_association",
      "name": "vm_single_assoc",
      "provider": "provider[\"registry.terraform.io/hashicorp/azurerm\"]",
      "instances": [
        {
          "schema_version": 0,
          "attributes": {
            "id": "/subscriptions/35789804-a13e-4872-99d8-e9e308059479/resourceGroups/myTFResourceGroup/providers/Microsoft.Network/networkInterfaces/nic-vm-single|/subscriptions/35789804-a13e-4872-99d8-e9e308059479/resourceGroups/myTFResourceGroup/providers/Microsoft.Network/networkSecurityGroups/nsg-vm-single",
            "network_interface_id": "/subscriptions/35789804-a13e-4872-99d8-e9e308059479/resourceGroups/myTFResourceGroup/providers/Microsoft.Network/networkInterfaces/nic-vm-single",
            "network_security_group_id": "/subscriptions/35789804-a13e-4872-99d8-e9e308059479/resourceGroups/myTFResourceGroup/providers/Microsoft.Network/networkSecurityGroups/nsg-vm-single",
            "timeouts": null
          },
          "sensitive_attributes": [],
          "identity_schema_version": 0,
          "private": "eyJlMmJmYjczMC1lY2FhLTExZTYtOGY4OC0zNDM2M2JjN2M0YzAiOnsiY3JlYXRlIjoxODAwMDAwMDAwMDAwLCJkZWxldGUiOjE4MDAwMDAwMDAwMDAsInJlYWQiOjMwMDAwMDAwMDAwMCwidXBkYXRlIjoxODAwMDAwMDAwMDAwfX0=",
          "dependencies": [
            "azurerm_network_interface.vm_single_nic",
            "azurerm_network_security_group.vm_single_nsg",
            "azurerm_public_ip.vm_single_public_ip",
            "azurerm_resource_group.rg",
            "azurerm_subnet.subnet",
            "azurerm_virtual_network.vnet"
          ]
        }
      ]
    },
    {
      "mode": "managed",
      "type": "azurerm_network_security_group",
      "name": "nsg",
      "provider": "provider[\"registry.terraform.io/hashicorp/azurerm\"]",
      "instances": [
        {
          "schema_version": 0,
          "attributes": {
            "id": "/subscriptions/35789804-a13e-4872-99d8-e9e308059479/resourceGroups/myTFResourceGroup/providers/Microsoft.Network/networkSecurityGroups/vmss-nsg",
            "location": "eastus",
            "name": "vmss-nsg",
            "resource_group_name": "myTFResourceGroup",
            "security_rule": [
              {
                "access": "Allow",
                "description": "",
                "destination_address_prefix": "*",
                "destination_address_prefixes": [],
                "destination_application_security_group_ids": [],
                "destination_port_range": "80",
                "destination_port_ranges": [],
                "direction": "Inbound",
                "name": "AllowHTTP",
                "priority": 100,
                "protocol": "Tcp",
                "source_address_prefix": "*",
                "source_address_prefixes": [],
                "source_application_security_group_ids": [],
                "source_port_range": "*",
                "source_port_ranges": []
              },
              {
                "access": "Allow",
                "description": "",
                "destination_address_prefix": "0.0.0.0/0",
                "destination_address_prefixes": [],
                "destination_application_security_group_ids": [],
                "destination_port_range": "3000",
                "destination_port_ranges": [],
                "direction": "Inbound",
                "name": "Allow-Grafana-3000",
                "priority": 1005,
                "protocol": "*",
                "source_address_prefix": "*",
                "source_address_prefixes": [],
                "source_application_security_group_ids": [],
                "source_port_range": "*",
                "source_port_ranges": []
              }
            ],
            "tags": null,
            "timeouts": null
          },
          "sensitive_attributes": [],
          "identity_schema_version": 0,
          "private": "eyJlMmJmYjczMC1lY2FhLTExZTYtOGY4OC0zNDM2M2JjN2M0YzAiOnsiY3JlYXRlIjoxODAwMDAwMDAwMDAwLCJkZWxldGUiOjE4MDAwMDAwMDAwMDAsInJlYWQiOjMwMDAwMDAwMDAwMCwidXBkYXRlIjoxODAwMDAwMDAwMDAwfX0=",
          "dependencies": [
            "azurerm_resource_group.rg"
          ]
        }
      ]
    },
    {
      "mode": "managed",
      "type": "azurerm_network_security_group",
      "name": "vm_single_nsg",
      "provider": "provider[\"registry.terraform.io/hashicorp/azurerm\"]",
      "instances": [
        {
          "schema_version": 0,
          "attributes": {
            "id": "/subscriptions/35789804-a13e-4872-99d8-e9e308059479/resourceGroups/myTFResourceGroup/providers/Microsoft.Network/networkSecurityGroups/nsg-vm-single",
            "location": "eastus",
            "name": "nsg-vm-single",
            "resource_group_name": "myTFResourceGroup",
            "security_rule": [
              {
                "access": "Allow",
                "description": "",
                "destination_address_prefix": "*",
                "destination_address_prefixes": [],
                "destination_application_security_group_ids": [],
                "destination_port_range": "22",
                "destination_port_ranges": [],
                "direction": "Inbound",
                "name": "Allow-SSH-From-Specific-IP",
                "priority": 1001,
                "protocol": "Tcp",
                "source_address_prefix": "186.233.26.122",
                "source_address_prefixes": [],
                "source_application_security_group_ids": [],
                "source_port_range": "*",
                "source_port_ranges": []
              },
              {
                "access": "Allow",
                "description": "",
                "destination_address_prefix": "*",
                "destination_address_prefixes": [],
                "destination_application_security_group_ids": [],
                "destination_port_range": "3000",
                "destination_port_ranges": [],
                "direction": "Inbound",
                "name": "Allow-Grafana",
                "priority": 1003,
                "protocol": "Tcp",
                "source_address_prefix": "0.0.0.0/0",
                "source_address_prefixes": [],
                "source_application_security_group_ids": [],
                "source_port_range": "*",
                "source_port_ranges": []
              },
              {
                "access": "Allow",
                "description": "",
                "destination_address_prefix": "*",
                "destination_address_prefixes": [],
                "destination_application_security_group_ids": [],
                "destination_port_range": "80",
                "destination_port_ranges": [],
                "direction": "Inbound",
                "name": "Allow-HTTP-Zabbix",
                "priority": 1002,
                "protocol": "Tcp",
                "source_address_prefix": "0.0.0.0/0",
                "source_address_prefixes": [],
                "source_application_security_group_ids": [],
                "source_port_range": "*",
                "source_port_ranges": []
              }
            ],
            "tags": null,
            "timeouts": null
          },
          "sensitive_attributes": [],
          "identity_schema_version": 0,
          "private": "eyJlMmJmYjczMC1lY2FhLTExZTYtOGY4OC0zNDM2M2JjN2M0YzAiOnsiY3JlYXRlIjoxODAwMDAwMDAwMDAwLCJkZWxldGUiOjE4MDAwMDAwMDAwMDAsInJlYWQiOjMwMDAwMDAwMDAwMCwidXBkYXRlIjoxODAwMDAwMDAwMDAwfX0=",
          "dependencies": [
            "azurerm_resource_group.rg"
          ]
        }
      ]
    },
    {
      "mode": "managed",
      "type": "azurerm_public_ip",
      "name": "lb_pip",
      "provider": "provider[\"registry.terraform.io/hashicorp/azurerm\"]",
      "instances": [
        {
          "schema_version": 0,
          "attributes": {
            "allocation_method": "Static",
            "domain_name_label": null,
            "edge_zone": "",
            "fqdn": null,
            "id": "/subscriptions/35789804-a13e-4872-99d8-e9e308059479/resourceGroups/myTFResourceGroup/providers/Microsoft.Network/publicIPAddresses/lb-pip",
            "idle_timeout_in_minutes": 4,
            "ip_address": "172.178.42.151",
            "ip_tags": null,
            "ip_version": "IPv4",
            "location": "eastus",
            "name": "lb-pip",
            "public_ip_prefix_id": null,
            "resource_group_name": "myTFResourceGroup",
            "reverse_fqdn": null,
            "sku": "Standard",
            "sku_tier": "Regional",
            "tags": null,
            "timeouts": null,
            "zones": null
          },
          "sensitive_attributes": [],
          "identity_schema_version": 0,
          "private": "eyJlMmJmYjczMC1lY2FhLTExZTYtOGY4OC0zNDM2M2JjN2M0YzAiOnsiY3JlYXRlIjoxODAwMDAwMDAwMDAwLCJkZWxldGUiOjE4MDAwMDAwMDAwMDAsInJlYWQiOjMwMDAwMDAwMDAwMCwidXBkYXRlIjoxODAwMDAwMDAwMDAwfX0=",
          "dependencies": [
            "azurerm_resource_group.rg"
          ]
        }
      ]
    },
    {
      "mode": "managed",
      "type": "azurerm_public_ip",
      "name": "vm_single_public_ip",
      "provider": "provider[\"registry.terraform.io/hashicorp/azurerm\"]",
      "instances": [
        {
          "schema_version": 0,
          "attributes": {
            "allocation_method": "Static",
            "domain_name_label": null,
            "edge_zone": "",
            "fqdn": null,
            "id": "/subscriptions/35789804-a13e-4872-99d8-e9e308059479/resourceGroups/myTFResourceGroup/providers/Microsoft.Network/publicIPAddresses/pip-vm-single",
            "idle_timeout_in_minutes": 4,
            "ip_address": "4.246.219.174",
            "ip_tags": null,
            "ip_version": "IPv4",
            "location": "eastus",
            "name": "pip-vm-single",
            "public_ip_prefix_id": null,
            "resource_group_name": "myTFResourceGroup",
            "reverse_fqdn": null,
            "sku": "Standard",
            "sku_tier": "Regional",
            "tags": null,
            "timeouts": null,
            "zones": null
          },
          "sensitive_attributes": [],
          "identity_schema_version": 0,
          "private": "eyJlMmJmYjczMC1lY2FhLTExZTYtOGY4OC0zNDM2M2JjN2M0YzAiOnsiY3JlYXRlIjoxODAwMDAwMDAwMDAwLCJkZWxldGUiOjE4MDAwMDAwMDAwMDAsInJlYWQiOjMwMDAwMDAwMDAwMCwidXBkYXRlIjoxODAwMDAwMDAwMDAwfX0=",
          "dependencies": [
            "azurerm_resource_group.rg"
          ]
        }
      ]
    },
    {
      "mode": "managed",
      "type": "azurerm_resource_group",
      "name": "rg",
      "provider": "provider[\"registry.terraform.io/hashicorp/azurerm\"]",
      "instances": [
        {
          "schema_version": 0,
          "attributes": {
            "id": "/subscriptions/35789804-a13e-4872-99d8-e9e308059479/resourceGroups/myTFResourceGroup",
            "location": "eastus",
            "name": "myTFResourceGroup",
            "tags": null,
            "timeouts": null
          },
          "sensitive_attributes": [],
          "identity_schema_version": 0,
          "private": "eyJlMmJmYjczMC1lY2FhLTExZTYtOGY4OC0zNDM2M2JjN2M0YzAiOnsiY3JlYXRlIjo1NDAwMDAwMDAwMDAwLCJkZWxldGUiOjU0MDAwMDAwMDAwMDAsInJlYWQiOjMwMDAwMDAwMDAwMCwidXBkYXRlIjo1NDAwMDAwMDAwMDAwfX0="
        }
      ]
    },
    {
      "mode": "managed",
      "type": "azurerm_subnet",
      "name": "subnet",
      "provider": "provider[\"registry.terraform.io/hashicorp/azurerm\"]",
      "instances": [
        {
          "schema_version": 0,
          "attributes": {
            "address_prefixes": [
              "10.0.1.0/24"
            ],
            "delegation": [],
            "enforce_private_link_endpoint_network_policies": false,
            "enforce_private_link_service_network_policies": false,
            "id": "/subscriptions/35789804-a13e-4872-99d8-e9e308059479/resourceGroups/myTFResourceGroup/providers/Microsoft.Network/virtualNetworks/vnet-TF/subnets/subnet-TF",
            "name": "subnet-TF",
            "resource_group_name": "myTFResourceGroup",
            "service_endpoint_policy_ids": null,
            "service_endpoints": null,
            "timeouts": null,
            "virtual_network_name": "vnet-TF"
          },
          "sensitive_attributes": [],
          "identity_schema_version": 0,
          "private": "eyJlMmJmYjczMC1lY2FhLTExZTYtOGY4OC0zNDM2M2JjN2M0YzAiOnsiY3JlYXRlIjoxODAwMDAwMDAwMDAwLCJkZWxldGUiOjE4MDAwMDAwMDAwMDAsInJlYWQiOjMwMDAwMDAwMDAwMCwidXBkYXRlIjoxODAwMDAwMDAwMDAwfX0=",
          "dependencies": [
            "azurerm_resource_group.rg",
            "azurerm_virtual_network.vnet"
          ]
        }
      ]
    },
    {
      "mode": "managed",
      "type": "azurerm_subnet_network_security_group_association",
      "name": "nsg_assoc",
      "provider": "provider[\"registry.terraform.io/hashicorp/azurerm\"]",
      "instances": [
        {
          "schema_version": 0,
          "attributes": {
            "id": "/subscriptions/35789804-a13e-4872-99d8-e9e308059479/resourceGroups/myTFResourceGroup/providers/Microsoft.Network/virtualNetworks/vnet-TF/subnets/subnet-TF",
            "network_security_group_id": "/subscriptions/35789804-a13e-4872-99d8-e9e308059479/resourceGroups/myTFResourceGroup/providers/Microsoft.Network/networkSecurityGroups/vmss-nsg",
            "subnet_id": "/subscriptions/35789804-a13e-4872-99d8-e9e308059479/resourceGroups/myTFResourceGroup/providers/Microsoft.Network/virtualNetworks/vnet-TF/subnets/subnet-TF",
            "timeouts": null
          },
          "sensitive_attributes": [],
          "identity_schema_version": 0,
          "private": "eyJlMmJmYjczMC1lY2FhLTExZTYtOGY4OC0zNDM2M2JjN2M0YzAiOnsiY3JlYXRlIjoxODAwMDAwMDAwMDAwLCJkZWxldGUiOjE4MDAwMDAwMDAwMDAsInJlYWQiOjMwMDAwMDAwMDAwMCwidXBkYXRlIjoxODAwMDAwMDAwMDAwfX0=",
          "dependencies": [
            "azurerm_network_security_group.nsg",
            "azurerm_resource_group.rg",
            "azurerm_subnet.subnet",
            "azurerm_virtual_network.vnet"
          ]
        }
      ]
    },
    {
      "mode": "managed",
      "type": "azurerm_virtual_network",
      "name": "vnet",
      "provider": "provider[\"registry.terraform.io/hashicorp/azurerm\"]",
      "instances": [
        {
          "schema_version": 0,
          "attributes": {
            "address_space": [
              "10.0.0.0/16"
            ],
            "bgp_community": "",
            "ddos_protection_plan": [],
            "dns_servers": [],
            "edge_zone": "",
            "flow_timeout_in_minutes": 0,
            "guid": "b19f090e-e738-4d8e-8ae7-04ef143974df",
            "id": "/subscriptions/35789804-a13e-4872-99d8-e9e308059479/resourceGroups/myTFResourceGroup/providers/Microsoft.Network/virtualNetworks/vnet-TF",
            "location": "eastus",
            "name": "vnet-TF",
            "resource_group_name": "myTFResourceGroup",
            "subnet": [],
            "tags": null,
            "timeouts": null
          },
          "sensitive_attributes": [],
          "identity_schema_version": 0,
          "private": "eyJlMmJmYjczMC1lY2FhLTExZTYtOGY4OC0zNDM2M2JjN2M0YzAiOnsiY3JlYXRlIjoxODAwMDAwMDAwMDAwLCJkZWxldGUiOjE4MDAwMDAwMDAwMDAsInJlYWQiOjMwMDAwMDAwMDAwMCwidXBkYXRlIjoxODAwMDAwMDAwMDAwfX0=",
          "dependencies": [
            "azurerm_resource_group.rg"
          ]
        }
      ]
    }
  ],
  "check_results": null
}
